github.com/aws/aws-sdk-go v1.8.24 h1:XiNbEvRxO1qpWUbiZULAwi1oeammHuAcLPSLt9+yfac=
github.com/aws/aws-sdk-go v1.8.24/go.mod h1:ZRmQr0FajVIyZ4ZzBYKG5P3ZqPz9IHG41ZoMu1ADI3k=
github.com/davecgh/go-spew v1.1.1 h1:vj9j/u1bqnvCEfJOwUhtlOARqs3+rkHYY13jYWTU97c=
github.com/go-ini/ini v1.27.0 h1:NZxJFHRR+/icTJIuCQTo3UfYs3N1TRnWeNdiT7BLOjk=
github.com/go-ini/ini v1.27.0/go.mod h1:ByCAeIL28uOIIG0E3PJtZPDL8WnHpFKFOtgjp+3Ies8=
github.com/gopherjs/gopherjs v1.17.2 h1:fQnZVsXk8uxXIStYb0N4bGk7jeyTalG/wsZjQ25dO0g=
github.com/jmespath/go-jmespath v0.0.0-20151117175822-3433f3ea46d9 h1:1SlajWtS+u/6x2Be5vrHyrbSxkeIf/+ISBu//kmjpnc=
github.com/jmespath/go-jmespath v0.0.0-20151117175822-3433f3ea46d9/go.mod h1:Nht3zPeWKUH0NzdCt2Blrr5ys8VGpn0CEB0cQHVjt7k=
github.com/jtolds/gls v4.20.0+incompatible h1:xdiiI2gbIgH/gLH7ADydsJ1uDOEzR8yvV7C0MuV77Wo=
github.com/pmezard/go-difflib v1.0.0 h1:4DBwDE0NGyQoBHbLQYPwSUPoCMWR5BEzIk/f1lZbAQM=
github.com/smartystreets/assertions v1.13.1 h1:Ef7KhSmjZcK6AVf9YbJdvPYG9avaF0ZxudX+ThRdWfU=
github.com/smartystreets/goconvey v1.8.0 h1:Oi49ha/2MURE0WexF052Z0m+BNSGirfjg5RL+JXWq3w=
github.com/smartystreets/goconvey v1.8.0/go.mod h1:EdX8jtrTIj26jmjCOVNMVSIYAtgexqXKHOXW2Dx9JLg=
github.com/stretchr/testify v1.8.3 h1:RP3t2pwF7cMEbC1dqtB6poj3niw/9gnV4Cjg5oW5gtY=
github.com/stretchr/testify v1.8.3/go.mod h1:sz/lmYIOXD/1dqDmKjjqLyZ2RngseejIcXlSw2iwfAo=
golang.org/x/net v0.17.0 h1:pVaXccu2ozPjCXewfr1S7xza/zcXTity9cCdXQYSjIM=
golang.org/x/net v0.17.0/go.mod h1:NxSsAGuq816PNPmqtQdLE42eU2Fs7NoRIZrHJAlaCOE=
golang.org/x/text v0.13.0 h1:ablQoSUd0tRdKxZewP80B+BaqeKJuVhuRxj/dkrun3k=
gopkg.in/yaml.v3 v3.0.1 h1:fxVm/GzAzEWqLHuvctI91KS9hhNmmWOoWu0XTYJS7CA=
